// !$*UTF8*$!
{
	archiveVersion = 1;
	classes = {
	};
	objectVersion = 51;
	objects = {

/* Begin PBXBuildFile section */
		6D44B19AE48A30D0048427F2 /* Pods_VIPER_Instagram.framework in Frameworks */ = {isa = PBXBuildFile; fileRef = 23DEA007B85A16ED9026E3A1 /* Pods_VIPER_Instagram.framework */; };
		821C6A44265BF1C80037FCF6 /* APIManager.swift in Sources */ = {isa = PBXBuildFile; fileRef = 821C6A43265BF1C80037FCF6 /* APIManager.swift */; };
		821C6A47265CF7930037FCF6 /* Extension UIImage.swift in Sources */ = {isa = PBXBuildFile; fileRef = 821C6A46265CF7930037FCF6 /* Extension UIImage.swift */; };
		821C6A51265D5A920037FCF6 /* ProfileModuleBuilder.swift in Sources */ = {isa = PBXBuildFile; fileRef = 821C6A4E265D5A920037FCF6 /* ProfileModuleBuilder.swift */; };
		821C6A52265D5A920037FCF6 /* ProfileViewController.swift in Sources */ = {isa = PBXBuildFile; fileRef = 821C6A50265D5A920037FCF6 /* ProfileViewController.swift */; };
		821C6A53265D5A920037FCF6 /* ProfileInteractor.swift in Sources */ = {isa = PBXBuildFile; fileRef = 821C6A4F265D5A920037FCF6 /* ProfileInteractor.swift */; };
		821C6A54265D5A920037FCF6 /* ProfileModuleRouter.swift in Sources */ = {isa = PBXBuildFile; fileRef = 821C6A4C265D5A920037FCF6 /* ProfileModuleRouter.swift */; };
		821C6A55265D5A920037FCF6 /* ProfilePresenter.swift in Sources */ = {isa = PBXBuildFile; fileRef = 821C6A4D265D5A920037FCF6 /* ProfilePresenter.swift */; };
		821C6A58265D5FDA0037FCF6 /* TabBarModuleBuilder.swift in Sources */ = {isa = PBXBuildFile; fileRef = 821C6A57265D5FDA0037FCF6 /* TabBarModuleBuilder.swift */; };
		821C6A5A265D5FFE0037FCF6 /* TabBarViewController.swift in Sources */ = {isa = PBXBuildFile; fileRef = 821C6A59265D5FFE0037FCF6 /* TabBarViewController.swift */; };
		821C6A5C265D601E0037FCF6 /* TabBarRouter.swift in Sources */ = {isa = PBXBuildFile; fileRef = 821C6A5B265D601E0037FCF6 /* TabBarRouter.swift */; };
		821C6A5F265E3AE80037FCF6 /* FeedManager.swift in Sources */ = {isa = PBXBuildFile; fileRef = 821C6A5E265E3AE80037FCF6 /* FeedManager.swift */; };
		821C6A61265E3B0D0037FCF6 /* DataBaseManager.swift in Sources */ = {isa = PBXBuildFile; fileRef = 821C6A60265E3B0D0037FCF6 /* DataBaseManager.swift */; };
		821C6A63265E3C230037FCF6 /* Reachability.swift in Sources */ = {isa = PBXBuildFile; fileRef = 821C6A62265E3C230037FCF6 /* Reachability.swift */; };
		821C6B062674A2320037FCF6 /* ProfileInfoView.swift in Sources */ = {isa = PBXBuildFile; fileRef = 821C6B052674A2320037FCF6 /* ProfileInfoView.swift */; };
		82B2683E264D390100837776 /* AppDelegate.swift in Sources */ = {isa = PBXBuildFile; fileRef = 82B2683D264D390100837776 /* AppDelegate.swift */; };
		82B26840264D390100837776 /* SceneDelegate.swift in Sources */ = {isa = PBXBuildFile; fileRef = 82B2683F264D390100837776 /* SceneDelegate.swift */; };
		82B26847264D390500837776 /* Assets.xcassets in Resources */ = {isa = PBXBuildFile; fileRef = 82B26846264D390500837776 /* Assets.xcassets */; };
		82B2684A264D390500837776 /* LaunchScreen.storyboard in Resources */ = {isa = PBXBuildFile; fileRef = 82B26848264D390500837776 /* LaunchScreen.storyboard */; };
		82B2685A264D3A0200837776 /* FeedInteractor.swift in Sources */ = {isa = PBXBuildFile; fileRef = 82B26855264D3A0200837776 /* FeedInteractor.swift */; };
		82B2685B264D3A0200837776 /* FeedModuleBuilder.swift in Sources */ = {isa = PBXBuildFile; fileRef = 82B26856264D3A0200837776 /* FeedModuleBuilder.swift */; };
		82B2685C264D3A0200837776 /* FeedModuleRouter.swift in Sources */ = {isa = PBXBuildFile; fileRef = 82B26857264D3A0200837776 /* FeedModuleRouter.swift */; };
		82B2685D264D3A0200837776 /* FeedViewController.swift in Sources */ = {isa = PBXBuildFile; fileRef = 82B26858264D3A0200837776 /* FeedViewController.swift */; };
		82B2685E264D3A0200837776 /* FeedPresenter.swift in Sources */ = {isa = PBXBuildFile; fileRef = 82B26859264D3A0200837776 /* FeedPresenter.swift */; };
		82B26860264D5D0800837776 /* Dog.swift in Sources */ = {isa = PBXBuildFile; fileRef = 82B2685F264D5D0800837776 /* Dog.swift */; };
		82F057B5264E9EAB00D747E2 /* FeedTableViewCell.swift in Sources */ = {isa = PBXBuildFile; fileRef = 82F057B4264E9EAB00D747E2 /* FeedTableViewCell.swift */; };
/* End PBXBuildFile section */

/* Begin PBXFileReference section */
		23DEA007B85A16ED9026E3A1 /* Pods_VIPER_Instagram.framework */ = {isa = PBXFileReference; explicitFileType = wrapper.framework; includeInIndex = 0; path = Pods_VIPER_Instagram.framework; sourceTree = BUILT_PRODUCTS_DIR; };
		821C6A43265BF1C80037FCF6 /* APIManager.swift */ = {isa = PBXFileReference; lastKnownFileType = sourcecode.swift; path = APIManager.swift; sourceTree = "<group>"; };
		821C6A46265CF7930037FCF6 /* Extension UIImage.swift */ = {isa = PBXFileReference; lastKnownFileType = sourcecode.swift; path = "Extension UIImage.swift"; sourceTree = "<group>"; };
		821C6A4C265D5A920037FCF6 /* ProfileModuleRouter.swift */ = {isa = PBXFileReference; lastKnownFileType = sourcecode.swift; path = ProfileModuleRouter.swift; sourceTree = "<group>"; };
		821C6A4D265D5A920037FCF6 /* ProfilePresenter.swift */ = {isa = PBXFileReference; lastKnownFileType = sourcecode.swift; path = ProfilePresenter.swift; sourceTree = "<group>"; };
		821C6A4E265D5A920037FCF6 /* ProfileModuleBuilder.swift */ = {isa = PBXFileReference; lastKnownFileType = sourcecode.swift; path = ProfileModuleBuilder.swift; sourceTree = "<group>"; };
		821C6A4F265D5A920037FCF6 /* ProfileInteractor.swift */ = {isa = PBXFileReference; lastKnownFileType = sourcecode.swift; path = ProfileInteractor.swift; sourceTree = "<group>"; };
		821C6A50265D5A920037FCF6 /* ProfileViewController.swift */ = {isa = PBXFileReference; lastKnownFileType = sourcecode.swift; path = ProfileViewController.swift; sourceTree = "<group>"; };
		821C6A57265D5FDA0037FCF6 /* TabBarModuleBuilder.swift */ = {isa = PBXFileReference; lastKnownFileType = sourcecode.swift; path = TabBarModuleBuilder.swift; sourceTree = "<group>"; };
		821C6A59265D5FFE0037FCF6 /* TabBarViewController.swift */ = {isa = PBXFileReference; lastKnownFileType = sourcecode.swift; path = TabBarViewController.swift; sourceTree = "<group>"; };
		821C6A5B265D601E0037FCF6 /* TabBarRouter.swift */ = {isa = PBXFileReference; lastKnownFileType = sourcecode.swift; path = TabBarRouter.swift; sourceTree = "<group>"; };
		821C6A5E265E3AE80037FCF6 /* FeedManager.swift */ = {isa = PBXFileReference; lastKnownFileType = sourcecode.swift; path = FeedManager.swift; sourceTree = "<group>"; };
		821C6A60265E3B0D0037FCF6 /* DataBaseManager.swift */ = {isa = PBXFileReference; lastKnownFileType = sourcecode.swift; path = DataBaseManager.swift; sourceTree = "<group>"; };
		821C6A62265E3C230037FCF6 /* Reachability.swift */ = {isa = PBXFileReference; lastKnownFileType = sourcecode.swift; path = Reachability.swift; sourceTree = "<group>"; };
		821C6B052674A2320037FCF6 /* ProfileInfoView.swift */ = {isa = PBXFileReference; lastKnownFileType = sourcecode.swift; path = ProfileInfoView.swift; sourceTree = "<group>"; };
		82B2683A264D390100837776 /* VIPER_Instagram.app */ = {isa = PBXFileReference; explicitFileType = wrapper.application; includeInIndex = 0; path = VIPER_Instagram.app; sourceTree = BUILT_PRODUCTS_DIR; };
		82B2683D264D390100837776 /* AppDelegate.swift */ = {isa = PBXFileReference; lastKnownFileType = sourcecode.swift; path = AppDelegate.swift; sourceTree = "<group>"; };
		82B2683F264D390100837776 /* SceneDelegate.swift */ = {isa = PBXFileReference; lastKnownFileType = sourcecode.swift; path = SceneDelegate.swift; sourceTree = "<group>"; };
		82B26846264D390500837776 /* Assets.xcassets */ = {isa = PBXFileReference; lastKnownFileType = folder.assetcatalog; path = Assets.xcassets; sourceTree = "<group>"; };
		82B26849264D390500837776 /* Base */ = {isa = PBXFileReference; lastKnownFileType = file.storyboard; name = Base; path = Base.lproj/LaunchScreen.storyboard; sourceTree = "<group>"; };
		82B2684B264D390500837776 /* Info.plist */ = {isa = PBXFileReference; lastKnownFileType = text.plist.xml; path = Info.plist; sourceTree = "<group>"; };
		82B26855264D3A0200837776 /* FeedInteractor.swift */ = {isa = PBXFileReference; fileEncoding = 4; lastKnownFileType = sourcecode.swift; path = FeedInteractor.swift; sourceTree = "<group>"; };
		82B26856264D3A0200837776 /* FeedModuleBuilder.swift */ = {isa = PBXFileReference; fileEncoding = 4; lastKnownFileType = sourcecode.swift; path = FeedModuleBuilder.swift; sourceTree = "<group>"; };
		82B26857264D3A0200837776 /* FeedModuleRouter.swift */ = {isa = PBXFileReference; fileEncoding = 4; lastKnownFileType = sourcecode.swift; path = FeedModuleRouter.swift; sourceTree = "<group>"; };
		82B26858264D3A0200837776 /* FeedViewController.swift */ = {isa = PBXFileReference; fileEncoding = 4; lastKnownFileType = sourcecode.swift; path = FeedViewController.swift; sourceTree = "<group>"; };
		82B26859264D3A0200837776 /* FeedPresenter.swift */ = {isa = PBXFileReference; fileEncoding = 4; lastKnownFileType = sourcecode.swift; path = FeedPresenter.swift; sourceTree = "<group>"; };
		82B2685F264D5D0800837776 /* Dog.swift */ = {isa = PBXFileReference; lastKnownFileType = sourcecode.swift; path = Dog.swift; sourceTree = "<group>"; };
		82F057B4264E9EAB00D747E2 /* FeedTableViewCell.swift */ = {isa = PBXFileReference; lastKnownFileType = sourcecode.swift; path = FeedTableViewCell.swift; sourceTree = "<group>"; };
		87CE4A5365CCE0ECD7DA88CE /* Pods-VIPER_Instagram.debug.xcconfig */ = {isa = PBXFileReference; includeInIndex = 1; lastKnownFileType = text.xcconfig; name = "Pods-VIPER_Instagram.debug.xcconfig"; path = "Target Support Files/Pods-VIPER_Instagram/Pods-VIPER_Instagram.debug.xcconfig"; sourceTree = "<group>"; };
		BAB9A3F1D6C213757206EF07 /* Pods-VIPER_Instagram.release.xcconfig */ = {isa = PBXFileReference; includeInIndex = 1; lastKnownFileType = text.xcconfig; name = "Pods-VIPER_Instagram.release.xcconfig"; path = "Target Support Files/Pods-VIPER_Instagram/Pods-VIPER_Instagram.release.xcconfig"; sourceTree = "<group>"; };
/* End PBXFileReference section */

/* Begin PBXFrameworksBuildPhase section */
		82B26837264D390100837776 /* Frameworks */ = {
			isa = PBXFrameworksBuildPhase;
			buildActionMask = 2147483647;
			files = (
				6D44B19AE48A30D0048427F2 /* Pods_VIPER_Instagram.framework in Frameworks */,
			);
			runOnlyForDeploymentPostprocessing = 0;
		};
/* End PBXFrameworksBuildPhase section */

/* Begin PBXGroup section */
		821C6A40265BD9910037FCF6 /* API */ = {
			isa = PBXGroup;
			children = (
				821C6A42265BF1AF0037FCF6 /* Services */,
				821C6A41265BDA6E0037FCF6 /* Entity */,
			);
			path = API;
			sourceTree = "<group>";
		};
		821C6A41265BDA6E0037FCF6 /* Entity */ = {
			isa = PBXGroup;
			children = (
				82B2685F264D5D0800837776 /* Dog.swift */,
			);
			path = Entity;
			sourceTree = "<group>";
		};
		821C6A42265BF1AF0037FCF6 /* Services */ = {
			isa = PBXGroup;
			children = (
				821C6A43265BF1C80037FCF6 /* APIManager.swift */,
				821C6A60265E3B0D0037FCF6 /* DataBaseManager.swift */,
				821C6A62265E3C230037FCF6 /* Reachability.swift */,
			);
			path = Services;
			sourceTree = "<group>";
		};
		821C6A45265CF76B0037FCF6 /* Extension */ = {
			isa = PBXGroup;
			children = (
				821C6A46265CF7930037FCF6 /* Extension UIImage.swift */,
			);
			path = Extension;
			sourceTree = "<group>";
		};
		821C6A48265D5A300037FCF6 /* Modules */ = {
			isa = PBXGroup;
			children = (
				82B26854264D39C400837776 /* Feed */,
				821C6A56265D5FC70037FCF6 /* TabBar */,
				821C6A49265D5A6B0037FCF6 /* Profile */,
			);
			path = Modules;
			sourceTree = "<group>";
		};
		821C6A49265D5A6B0037FCF6 /* Profile */ = {
			isa = PBXGroup;
			children = (
				821C6A50265D5A920037FCF6 /* ProfileViewController.swift */,
				821C6A4D265D5A920037FCF6 /* ProfilePresenter.swift */,
				821C6A4F265D5A920037FCF6 /* ProfileInteractor.swift */,
				821C6A4E265D5A920037FCF6 /* ProfileModuleBuilder.swift */,
				821C6A4C265D5A920037FCF6 /* ProfileModuleRouter.swift */,
			);
			path = Profile;
			sourceTree = "<group>";
		};
		821C6A56265D5FC70037FCF6 /* TabBar */ = {
			isa = PBXGroup;
			children = (
				821C6A57265D5FDA0037FCF6 /* TabBarModuleBuilder.swift */,
				821C6A59265D5FFE0037FCF6 /* TabBarViewController.swift */,
				821C6A5B265D601E0037FCF6 /* TabBarRouter.swift */,
			);
			path = TabBar;
			sourceTree = "<group>";
		};
		821C6A5D265E3AD70037FCF6 /* Managers */ = {
			isa = PBXGroup;
			children = (
				821C6A5E265E3AE80037FCF6 /* FeedManager.swift */,
			);
			path = Managers;
			sourceTree = "<group>";
		};
		82B26831264D390100837776 = {
			isa = PBXGroup;
			children = (
				82B2683C264D390100837776 /* VIPER_Instagram */,
				82B2683B264D390100837776 /* Products */,
				8AD4E17A324305EB409A5D89 /* Pods */,
				B6EC03B1977F37B71ABF2E80 /* Frameworks */,
			);
			sourceTree = "<group>";
		};
		82B2683B264D390100837776 /* Products */ = {
			isa = PBXGroup;
			children = (
				82B2683A264D390100837776 /* VIPER_Instagram.app */,
			);
			name = Products;
			sourceTree = "<group>";
		};
		82B2683C264D390100837776 /* VIPER_Instagram */ = {
			isa = PBXGroup;
			children = (
				821C6A5D265E3AD70037FCF6 /* Managers */,
				821C6A45265CF76B0037FCF6 /* Extension */,
				821C6A40265BD9910037FCF6 /* API */,
				82F057B6264E9EB500D747E2 /* Views */,
				82B26851264D396C00837776 /* Application */,
				821C6A48265D5A300037FCF6 /* Modules */,
				82B26846264D390500837776 /* Assets.xcassets */,
				82B26848264D390500837776 /* LaunchScreen.storyboard */,
				82B2684B264D390500837776 /* Info.plist */,
			);
			path = VIPER_Instagram;
			sourceTree = "<group>";
		};
		82B26851264D396C00837776 /* Application */ = {
			isa = PBXGroup;
			children = (
				82B2683D264D390100837776 /* AppDelegate.swift */,
				82B2683F264D390100837776 /* SceneDelegate.swift */,
			);
			path = Application;
			sourceTree = "<group>";
		};
		82B26854264D39C400837776 /* Feed */ = {
			isa = PBXGroup;
			children = (
				82B26858264D3A0200837776 /* FeedViewController.swift */,
				82B26859264D3A0200837776 /* FeedPresenter.swift */,
				82B26855264D3A0200837776 /* FeedInteractor.swift */,
				82B26856264D3A0200837776 /* FeedModuleBuilder.swift */,
				82B26857264D3A0200837776 /* FeedModuleRouter.swift */,
			);
			path = Feed;
			sourceTree = "<group>";
		};
		82F057B6264E9EB500D747E2 /* Views */ = {
			isa = PBXGroup;
			children = (
				82F057B4264E9EAB00D747E2 /* FeedTableViewCell.swift */,
				821C6B052674A2320037FCF6 /* ProfileInfoView.swift */,
			);
			path = Views;
			sourceTree = "<group>";
		};
		8AD4E17A324305EB409A5D89 /* Pods */ = {
			isa = PBXGroup;
			children = (
				87CE4A5365CCE0ECD7DA88CE /* Pods-VIPER_Instagram.debug.xcconfig */,
				BAB9A3F1D6C213757206EF07 /* Pods-VIPER_Instagram.release.xcconfig */,
			);
			path = Pods;
			sourceTree = "<group>";
		};
		B6EC03B1977F37B71ABF2E80 /* Frameworks */ = {
			isa = PBXGroup;
			children = (
				23DEA007B85A16ED9026E3A1 /* Pods_VIPER_Instagram.framework */,
			);
			name = Frameworks;
			sourceTree = "<group>";
		};
/* End PBXGroup section */

/* Begin PBXNativeTarget section */
		82B26839264D390100837776 /* VIPER_Instagram */ = {
			isa = PBXNativeTarget;
			buildConfigurationList = 82B2684E264D390500837776 /* Build configuration list for PBXNativeTarget "VIPER_Instagram" */;
			buildPhases = (
				D9043FB522850DCD54D2EA96 /* [CP] Check Pods Manifest.lock */,
				82B26836264D390100837776 /* Sources */,
				82B26837264D390100837776 /* Frameworks */,
				82B26838264D390100837776 /* Resources */,
				B9CD7338738EC59B5BFD6514 /* [CP] Embed Pods Frameworks */,
			);
			buildRules = (
			);
			dependencies = (
			);
			name = VIPER_Instagram;
			productName = VIPER_Instagram;
			productReference = 82B2683A264D390100837776 /* VIPER_Instagram.app */;
			productType = "com.apple.product-type.application";
		};
/* End PBXNativeTarget section */

/* Begin PBXProject section */
		82B26832264D390100837776 /* Project object */ = {
			isa = PBXProject;
			attributes = {
				LastSwiftUpdateCheck = 1250;
				LastUpgradeCheck = 1250;
				TargetAttributes = {
					82B26839264D390100837776 = {
						CreatedOnToolsVersion = 12.5;
					};
				};
			};
			buildConfigurationList = 82B26835264D390100837776 /* Build configuration list for PBXProject "VIPER_Instagram" */;
			compatibilityVersion = "Xcode 9.3";
			developmentRegion = en;
			hasScannedForEncodings = 0;
			knownRegions = (
				en,
				Base,
			);
			mainGroup = 82B26831264D390100837776;
			productRefGroup = 82B2683B264D390100837776 /* Products */;
			projectDirPath = "";
			projectRoot = "";
			targets = (
				82B26839264D390100837776 /* VIPER_Instagram */,
			);
		};
/* End PBXProject section */

/* Begin PBXResourcesBuildPhase section */
		82B26838264D390100837776 /* Resources */ = {
			isa = PBXResourcesBuildPhase;
			buildActionMask = 2147483647;
			files = (
				82B2684A264D390500837776 /* LaunchScreen.storyboard in Resources */,
				82B26847264D390500837776 /* Assets.xcassets in Resources */,
			);
			runOnlyForDeploymentPostprocessing = 0;
		};
/* End PBXResourcesBuildPhase section */

/* Begin PBXShellScriptBuildPhase section */
		B9CD7338738EC59B5BFD6514 /* [CP] Embed Pods Frameworks */ = {
			isa = PBXShellScriptBuildPhase;
			buildActionMask = 2147483647;
			files = (
			);
			inputFileListPaths = (
				"${PODS_ROOT}/Target Support Files/Pods-VIPER_Instagram/Pods-VIPER_Instagram-frameworks-${CONFIGURATION}-input-files.xcfilelist",
			);
			name = "[CP] Embed Pods Frameworks";
			outputFileListPaths = (
				"${PODS_ROOT}/Target Support Files/Pods-VIPER_Instagram/Pods-VIPER_Instagram-frameworks-${CONFIGURATION}-output-files.xcfilelist",
			);
			runOnlyForDeploymentPostprocessing = 0;
			shellPath = /bin/sh;
			shellScript = "\"${PODS_ROOT}/Target Support Files/Pods-VIPER_Instagram/Pods-VIPER_Instagram-frameworks.sh\"\n";
			showEnvVarsInLog = 0;
		};
		D9043FB522850DCD54D2EA96 /* [CP] Check Pods Manifest.lock */ = {
			isa = PBXShellScriptBuildPhase;
			buildActionMask = 2147483647;
			files = (
			);
			inputFileListPaths = (
			);
			inputPaths = (
				"${PODS_PODFILE_DIR_PATH}/Podfile.lock",
				"${PODS_ROOT}/Manifest.lock",
			);
			name = "[CP] Check Pods Manifest.lock";
			outputFileListPaths = (
			);
			outputPaths = (
				"$(DERIVED_FILE_DIR)/Pods-VIPER_Instagram-checkManifestLockResult.txt",
			);
			runOnlyForDeploymentPostprocessing = 0;
			shellPath = /bin/sh;
			shellScript = "diff \"${PODS_PODFILE_DIR_PATH}/Podfile.lock\" \"${PODS_ROOT}/Manifest.lock\" > /dev/null\nif [ $? != 0 ] ; then\n    # print error to STDERR\n    echo \"error: The sandbox is not in sync with the Podfile.lock. Run 'pod install' or update your CocoaPods installation.\" >&2\n    exit 1\nfi\n# This output is used by Xcode 'outputs' to avoid re-running this script phase.\necho \"SUCCESS\" > \"${SCRIPT_OUTPUT_FILE_0}\"\n";
			showEnvVarsInLog = 0;
		};
/* End PBXShellScriptBuildPhase section */

/* Begin PBXSourcesBuildPhase section */
		82B26836264D390100837776 /* Sources */ = {
			isa = PBXSourcesBuildPhase;
			buildActionMask = 2147483647;
			files = (
				82B26860264D5D0800837776 /* Dog.swift in Sources */,
				82B2683E264D390100837776 /* AppDelegate.swift in Sources */,
				821C6A55265D5A920037FCF6 /* ProfilePresenter.swift in Sources */,
				821C6A44265BF1C80037FCF6 /* APIManager.swift in Sources */,
				821C6A61265E3B0D0037FCF6 /* DataBaseManager.swift in Sources */,
				821C6A5A265D5FFE0037FCF6 /* TabBarViewController.swift in Sources */,
				821C6A58265D5FDA0037FCF6 /* TabBarModuleBuilder.swift in Sources */,
				82B2685E264D3A0200837776 /* FeedPresenter.swift in Sources */,
				82B2685D264D3A0200837776 /* FeedViewController.swift in Sources */,
				821C6A52265D5A920037FCF6 /* ProfileViewController.swift in Sources */,
				82B2685A264D3A0200837776 /* FeedInteractor.swift in Sources */,
				82B2685B264D3A0200837776 /* FeedModuleBuilder.swift in Sources */,
				821C6A5F265E3AE80037FCF6 /* FeedManager.swift in Sources */,
				821C6A47265CF7930037FCF6 /* Extension UIImage.swift in Sources */,
				82B2685C264D3A0200837776 /* FeedModuleRouter.swift in Sources */,
				821C6A54265D5A920037FCF6 /* ProfileModuleRouter.swift in Sources */,
				821C6A5C265D601E0037FCF6 /* TabBarRouter.swift in Sources */,
				821C6B062674A2320037FCF6 /* ProfileInfoView.swift in Sources */,
				82F057B5264E9EAB00D747E2 /* FeedTableViewCell.swift in Sources */,
				821C6A63265E3C230037FCF6 /* Reachability.swift in Sources */,
				82B26840264D390100837776 /* SceneDelegate.swift in Sources */,
				821C6A53265D5A920037FCF6 /* ProfileInteractor.swift in Sources */,
				821C6A51265D5A920037FCF6 /* ProfileModuleBuilder.swift in Sources */,
			);
			runOnlyForDeploymentPostprocessing = 0;
		};
/* End PBXSourcesBuildPhase section */

/* Begin PBXVariantGroup section */
		82B26848264D390500837776 /* LaunchScreen.storyboard */ = {
			isa = PBXVariantGroup;
			children = (
				82B26849264D390500837776 /* Base */,
			);
			name = LaunchScreen.storyboard;
			sourceTree = "<group>";
		};
/* End PBXVariantGroup section */

/* Begin XCBuildConfiguration section */
		82B2684C264D390500837776 /* Debug */ = {
			isa = XCBuildConfiguration;
			buildSettings = {
				ALWAYS_SEARCH_USER_PATHS = NO;
				CLANG_ANALYZER_NONNULL = YES;
				CLANG_ANALYZER_NUMBER_OBJECT_CONVERSION = YES_AGGRESSIVE;
				CLANG_CXX_LANGUAGE_STANDARD = "gnu++14";
				CLANG_CXX_LIBRARY = "libc++";
				CLANG_ENABLE_MODULES = YES;
				CLANG_ENABLE_OBJC_ARC = YES;
				CLANG_ENABLE_OBJC_WEAK = YES;
				CLANG_WARN_BLOCK_CAPTURE_AUTORELEASING = YES;
				CLANG_WARN_BOOL_CONVERSION = YES;
				CLANG_WARN_COMMA = YES;
				CLANG_WARN_CONSTANT_CONVERSION = YES;
				CLANG_WARN_DEPRECATED_OBJC_IMPLEMENTATIONS = YES;
				CLANG_WARN_DIRECT_OBJC_ISA_USAGE = YES_ERROR;
				CLANG_WARN_DOCUMENTATION_COMMENTS = YES;
				CLANG_WARN_EMPTY_BODY = YES;
				CLANG_WARN_ENUM_CONVERSION = YES;
				CLANG_WARN_INFINITE_RECURSION = YES;
				CLANG_WARN_INT_CONVERSION = YES;
				CLANG_WARN_NON_LITERAL_NULL_CONVERSION = YES;
				CLANG_WARN_OBJC_IMPLICIT_RETAIN_SELF = YES;
				CLANG_WARN_OBJC_LITERAL_CONVERSION = YES;
				CLANG_WARN_OBJC_ROOT_CLASS = YES_ERROR;
				CLANG_WARN_QUOTED_INCLUDE_IN_FRAMEWORK_HEADER = YES;
				CLANG_WARN_RANGE_LOOP_ANALYSIS = YES;
				CLANG_WARN_STRICT_PROTOTYPES = YES;
				CLANG_WARN_SUSPICIOUS_MOVE = YES;
				CLANG_WARN_UNGUARDED_AVAILABILITY = YES_AGGRESSIVE;
				CLANG_WARN_UNREACHABLE_CODE = YES;
				CLANG_WARN__DUPLICATE_METHOD_MATCH = YES;
				COPY_PHASE_STRIP = NO;
				DEBUG_INFORMATION_FORMAT = dwarf;
				ENABLE_STRICT_OBJC_MSGSEND = YES;
				ENABLE_TESTABILITY = YES;
				GCC_C_LANGUAGE_STANDARD = gnu11;
				GCC_DYNAMIC_NO_PIC = NO;
				GCC_NO_COMMON_BLOCKS = YES;
				GCC_OPTIMIZATION_LEVEL = 0;
				GCC_PREPROCESSOR_DEFINITIONS = (
					"DEBUG=1",
					"$(inherited)",
				);
				GCC_WARN_64_TO_32_BIT_CONVERSION = YES;
				GCC_WARN_ABOUT_RETURN_TYPE = YES_ERROR;
				GCC_WARN_UNDECLARED_SELECTOR = YES;
				GCC_WARN_UNINITIALIZED_AUTOS = YES_AGGRESSIVE;
				GCC_WARN_UNUSED_FUNCTION = YES;
				GCC_WARN_UNUSED_VARIABLE = YES;
				IPHONEOS_DEPLOYMENT_TARGET = 14.5;
				MTL_ENABLE_DEBUG_INFO = INCLUDE_SOURCE;
				MTL_FAST_MATH = YES;
				ONLY_ACTIVE_ARCH = YES;
				SDKROOT = iphoneos;
				SWIFT_ACTIVE_COMPILATION_CONDITIONS = DEBUG;
				SWIFT_OPTIMIZATION_LEVEL = "-Onone";
			};
			name = Debug;
		};
		82B2684D264D390500837776 /* Release */ = {
			isa = XCBuildConfiguration;
			buildSettings = {
				ALWAYS_SEARCH_USER_PATHS = NO;
				CLANG_ANALYZER_NONNULL = YES;
				CLANG_ANALYZER_NUMBER_OBJECT_CONVERSION = YES_AGGRESSIVE;
				CLANG_CXX_LANGUAGE_STANDARD = "gnu++14";
				CLANG_CXX_LIBRARY = "libc++";
				CLANG_ENABLE_MODULES = YES;
				CLANG_ENABLE_OBJC_ARC = YES;
				CLANG_ENABLE_OBJC_WEAK = YES;
				CLANG_WARN_BLOCK_CAPTURE_AUTORELEASING = YES;
				CLANG_WARN_BOOL_CONVERSION = YES;
				CLANG_WARN_COMMA = YES;
				CLANG_WARN_CONSTANT_CONVERSION = YES;
				CLANG_WARN_DEPRECATED_OBJC_IMPLEMENTATIONS = YES;
				CLANG_WARN_DIRECT_OBJC_ISA_USAGE = YES_ERROR;
				CLANG_WARN_DOCUMENTATION_COMMENTS = YES;
				CLANG_WARN_EMPTY_BODY = YES;
				CLANG_WARN_ENUM_CONVERSION = YES;
				CLANG_WARN_INFINITE_RECURSION = YES;
				CLANG_WARN_INT_CONVERSION = YES;
				CLANG_WARN_NON_LITERAL_NULL_CONVERSION = YES;
				CLANG_WARN_OBJC_IMPLICIT_RETAIN_SELF = YES;
				CLANG_WARN_OBJC_LITERAL_CONVERSION = YES;
				CLANG_WARN_OBJC_ROOT_CLASS = YES_ERROR;
				CLANG_WARN_QUOTED_INCLUDE_IN_FRAMEWORK_HEADER = YES;
				CLANG_WARN_RANGE_LOOP_ANALYSIS = YES;
				CLANG_WARN_STRICT_PROTOTYPES = YES;
				CLANG_WARN_SUSPICIOUS_MOVE = YES;
				CLANG_WARN_UNGUARDED_AVAILABILITY = YES_AGGRESSIVE;
				CLANG_WARN_UNREACHABLE_CODE = YES;
				CLANG_WARN__DUPLICATE_METHOD_MATCH = YES;
				COPY_PHASE_STRIP = NO;
				DEBUG_INFORMATION_FORMAT = "dwarf-with-dsym";
				ENABLE_NS_ASSERTIONS = NO;
				ENABLE_STRICT_OBJC_MSGSEND = YES;
				GCC_C_LANGUAGE_STANDARD = gnu11;
				GCC_NO_COMMON_BLOCKS = YES;
				GCC_WARN_64_TO_32_BIT_CONVERSION = YES;
				GCC_WARN_ABOUT_RETURN_TYPE = YES_ERROR;
				GCC_WARN_UNDECLARED_SELECTOR = YES;
				GCC_WARN_UNINITIALIZED_AUTOS = YES_AGGRESSIVE;
				GCC_WARN_UNUSED_FUNCTION = YES;
				GCC_WARN_UNUSED_VARIABLE = YES;
				IPHONEOS_DEPLOYMENT_TARGET = 14.5;
				MTL_ENABLE_DEBUG_INFO = NO;
				MTL_FAST_MATH = YES;
				SDKROOT = iphoneos;
				SWIFT_COMPILATION_MODE = wholemodule;
				SWIFT_OPTIMIZATION_LEVEL = "-O";
				VALIDATE_PRODUCT = YES;
			};
			name = Release;
		};
		82B2684F264D390500837776 /* Debug */ = {
			isa = XCBuildConfiguration;
			baseConfigurationReference = 87CE4A5365CCE0ECD7DA88CE /* Pods-VIPER_Instagram.debug.xcconfig */;
			buildSettings = {
				ASSETCATALOG_COMPILER_APPICON_NAME = AppIcon;
				ASSETCATALOG_COMPILER_GLOBAL_ACCENT_COLOR_NAME = AccentColor;
				CODE_SIGN_STYLE = Automatic;
				DEVELOPMENT_TEAM = U5C93MBV7Q;
				INFOPLIST_FILE = VIPER_Instagram/Info.plist;
				IPHONEOS_DEPLOYMENT_TARGET = 14.5;
				LD_RUNPATH_SEARCH_PATHS = (
					"$(inherited)",
					"@executable_path/Frameworks",
				);
				PRODUCT_BUNDLE_IDENTIFIER = "Ivan.VIPER-Instagram";
				PRODUCT_NAME = "$(TARGET_NAME)";
				SWIFT_VERSION = 5.0;
				TARGETED_DEVICE_FAMILY = 1;
			};
			name = Debug;
		};
		82B26850264D390500837776 /* Release */ = {
			isa = XCBuildConfiguration;
			baseConfigurationReference = BAB9A3F1D6C213757206EF07 /* Pods-VIPER_Instagram.release.xcconfig */;
			buildSettings = {
				ASSETCATALOG_COMPILER_APPICON_NAME = AppIcon;
				ASSETCATALOG_COMPILER_GLOBAL_ACCENT_COLOR_NAME = AccentColor;
				CODE_SIGN_STYLE = Automatic;
				DEVELOPMENT_TEAM = U5C93MBV7Q;
				INFOPLIST_FILE = VIPER_Instagram/Info.plist;
				IPHONEOS_DEPLOYMENT_TARGET = 14.5;
				LD_RUNPATH_SEARCH_PATHS = (
					"$(inherited)",
					"@executable_path/Frameworks",
				);
				PRODUCT_BUNDLE_IDENTIFIER = "Ivan.VIPER-Instagram";
				PRODUCT_NAME = "$(TARGET_NAME)";
				SWIFT_VERSION = 5.0;
				TARGETED_DEVICE_FAMILY = 1;
			};
			name = Release;
		};
/* End XCBuildConfiguration section */

/* Begin XCConfigurationList section */
		82B26835264D390100837776 /* Build configuration list for PBXProject "VIPER_Instagram" */ = {
			isa = XCConfigurationList;
			buildConfigurations = (
				82B2684C264D390500837776 /* Debug */,
				82B2684D264D390500837776 /* Release */,
			);
			defaultConfigurationIsVisible = 0;
			defaultConfigurationName = Release;
		};
		82B2684E264D390500837776 /* Build configuration list for PBXNativeTarget "VIPER_Instagram" */ = {
			isa = XCConfigurationList;
			buildConfigurations = (
				82B2684F264D390500837776 /* Debug */,
				82B26850264D390500837776 /* Release */,
			);
			defaultConfigurationIsVisible = 0;
			defaultConfigurationName = Release;
		};
/* End XCConfigurationList section */
	};
	rootObject = 82B26832264D390100837776 /* Project object */;
}
